{
  "nodes": {
    "nixpkgs": {
      "locked": {
        "lastModified": 1766220361,
        "narHash": "sha256-h7nuS4oh2vHBbCpna7ajGGlg9QUqhm2YClbr3lRnctc=",
        "owner": "NixOS",
        "repo": "nixpkgs",
        "rev": "4726073c9777528f9850d68c5b375b6a96bf43f2",
        "type": "github"
      },
      "original": {
        "owner": "NixOS",
        "repo": "nixpkgs",
        "type": "github"
      }
    },
    "root": {
      "inputs": {
        "nixpkgs": "nixpkgs"
      }
    }
  },
  "root": "root",
  "version": 7
}
